// !$*UTF8*$!
{
	archiveVersion = 1;
	classes = {
	};
	objectVersion = 48;
	objects = {

/* Begin PBXBuildFile section */
		1E06E7721F025EC6000E7968 /* ContactCell.swift in Resources */ = {isa = PBXBuildFile; fileRef = 1E06E76B1F025E29000E7968 /* ContactCell.swift */; };
		1E06E7731F025EC6000E7968 /* ContactCell.xib in Resources */ = {isa = PBXBuildFile; fileRef = 1E06E76C1F025E29000E7968 /* ContactCell.xib */; };
		1E06E7741F025EC6000E7968 /* Contact.swift in Resources */ = {isa = PBXBuildFile; fileRef = 1E06E7651F025E29000E7968 /* Contact.swift */; };
		1E06E7751F025EC6000E7968 /* ContactsData.swift in Resources */ = {isa = PBXBuildFile; fileRef = 1E06E7661F025E29000E7968 /* ContactsData.swift */; };
		1E06E7761F025EC6000E7968 /* ContactsViewController.swift in Resources */ = {isa = PBXBuildFile; fileRef = 1E06E7681F025E29000E7968 /* ContactsViewController.swift */; };
		1E06E7771F025EC6000E7968 /* ContactsViewController.xib in Resources */ = {isa = PBXBuildFile; fileRef = 1E06E7691F025E29000E7968 /* ContactsViewController.xib */; };
		1E06E7781F025EC6000E7968 /* Extension+UIColor.swift in Resources */ = {isa = PBXBuildFile; fileRef = 1E06E7701F025E29000E7968 /* Extension+UIColor.swift */; };
		1E06E7791F025EC6000E7968 /* Extensions.swift in Resources */ = {isa = PBXBuildFile; fileRef = 1E06E7711F025E29000E7968 /* Extensions.swift */; };
		1EACD4D21F05021D00784571 /* AppDelegate.swift in Sources */ = {isa = PBXBuildFile; fileRef = 1E06E76E1F025E29000E7968 /* AppDelegate.swift */; };
		1EACD4D31F05021D00784571 /* ContactsViewController.swift in Sources */ = {isa = PBXBuildFile; fileRef = 1E06E7681F025E29000E7968 /* ContactsViewController.swift */; };
		1EACD4D41F05023400784571 /* ContactCell.swift in Sources */ = {isa = PBXBuildFile; fileRef = 1E06E76B1F025E29000E7968 /* ContactCell.swift */; };
		1EACD4D51F05023400784571 /* ContactCell.xib in Sources */ = {isa = PBXBuildFile; fileRef = 1E06E76C1F025E29000E7968 /* ContactCell.xib */; };
		1EACD4D61F05023400784571 /* Contact.swift in Sources */ = {isa = PBXBuildFile; fileRef = 1E06E7651F025E29000E7968 /* Contact.swift */; };
		1EACD4D71F05023400784571 /* ContactsData.swift in Sources */ = {isa = PBXBuildFile; fileRef = 1E06E7661F025E29000E7968 /* ContactsData.swift */; };
		1EACD4D81F05023400784571 /* ContactsViewController.xib in Sources */ = {isa = PBXBuildFile; fileRef = 1E06E7691F025E29000E7968 /* ContactsViewController.xib */; };
		1EACD4D91F05023400784571 /* Extension+UIColor.swift in Sources */ = {isa = PBXBuildFile; fileRef = 1E06E7701F025E29000E7968 /* Extension+UIColor.swift */; };
		1EACD4DA1F05023400784571 /* Extensions.swift in Sources */ = {isa = PBXBuildFile; fileRef = 1E06E7711F025E29000E7968 /* Extensions.swift */; };
		1EACD4DB1F05023400784571 /* Assets.xcassets in Sources */ = {isa = PBXBuildFile; fileRef = 1EAD17E61EEAD44A005B66FB /* Assets.xcassets */; };
		1EACD4DD1F0545C900784571 /* ViewController.xib in Resources */ = {isa = PBXBuildFile; fileRef = 1EACD4DC1F0545C900784571 /* ViewController.xib */; };
		1EACD4DF1F0545D500784571 /* ViewController.swift in Sources */ = {isa = PBXBuildFile; fileRef = 1EACD4DE1F0545D500784571 /* ViewController.swift */; };
		1EAD17E71EEAD44A005B66FB /* Assets.xcassets in Resources */ = {isa = PBXBuildFile; fileRef = 1EAD17E61EEAD44A005B66FB /* Assets.xcassets */; };
		1EAD17EA1EEAD44A005B66FB /* LaunchScreen.storyboard in Resources */ = {isa = PBXBuildFile; fileRef = 1EAD17E81EEAD44A005B66FB /* LaunchScreen.storyboard */; };
/* End PBXBuildFile section */

/* Begin PBXFileReference section */
		1E06E7651F025E29000E7968 /* Contact.swift */ = {isa = PBXFileReference; lastKnownFileType = sourcecode.swift; path = Contact.swift; sourceTree = "<group>"; };
		1E06E7661F025E29000E7968 /* ContactsData.swift */ = {isa = PBXFileReference; lastKnownFileType = sourcecode.swift; path = ContactsData.swift; sourceTree = "<group>"; };
		1E06E7681F025E29000E7968 /* ContactsViewController.swift */ = {isa = PBXFileReference; lastKnownFileType = sourcecode.swift; path = ContactsViewController.swift; sourceTree = "<group>"; };
		1E06E7691F025E29000E7968 /* ContactsViewController.xib */ = {isa = PBXFileReference; lastKnownFileType = file.xib; path = ContactsViewController.xib; sourceTree = "<group>"; };
		1E06E76B1F025E29000E7968 /* ContactCell.swift */ = {isa = PBXFileReference; lastKnownFileType = sourcecode.swift; path = ContactCell.swift; sourceTree = "<group>"; };
		1E06E76C1F025E29000E7968 /* ContactCell.xib */ = {isa = PBXFileReference; lastKnownFileType = file.xib; path = ContactCell.xib; sourceTree = "<group>"; };
		1E06E76E1F025E29000E7968 /* AppDelegate.swift */ = {isa = PBXFileReference; lastKnownFileType = sourcecode.swift; path = AppDelegate.swift; sourceTree = "<group>"; };
		1E06E7701F025E29000E7968 /* Extension+UIColor.swift */ = {isa = PBXFileReference; lastKnownFileType = sourcecode.swift; path = "Extension+UIColor.swift"; sourceTree = "<group>"; };
		1E06E7711F025E29000E7968 /* Extensions.swift */ = {isa = PBXFileReference; lastKnownFileType = sourcecode.swift; path = Extensions.swift; sourceTree = "<group>"; };
		1E0BE78A1F025CB900D6850B /* Default-568h@2x.png */ = {isa = PBXFileReference; lastKnownFileType = image.png; path = "Default-568h@2x.png"; sourceTree = "<group>"; };
		1EACD4DC1F0545C900784571 /* ViewController.xib */ = {isa = PBXFileReference; fileEncoding = 4; lastKnownFileType = file.xib; path = ViewController.xib; sourceTree = "<group>"; };
		1EACD4DE1F0545D500784571 /* ViewController.swift */ = {isa = PBXFileReference; fileEncoding = 4; lastKnownFileType = sourcecode.swift; path = ViewController.swift; sourceTree = "<group>"; };
		1EAD17DC1EEAD44A005B66FB /* ASContactBook.app */ = {isa = PBXFileReference; explicitFileType = wrapper.application; includeInIndex = 0; path = ASContactBook.app; sourceTree = BUILT_PRODUCTS_DIR; };
		1EAD17E61EEAD44A005B66FB /* Assets.xcassets */ = {isa = PBXFileReference; lastKnownFileType = folder.assetcatalog; path = Assets.xcassets; sourceTree = "<group>"; };
		1EAD17E91EEAD44A005B66FB /* Base */ = {isa = PBXFileReference; lastKnownFileType = file.storyboard; name = Base; path = Base.lproj/LaunchScreen.storyboard; sourceTree = "<group>"; };
		1EAD17EB1EEAD44A005B66FB /* Info.plist */ = {isa = PBXFileReference; lastKnownFileType = text.plist.xml; path = Info.plist; sourceTree = "<group>"; };
/* End PBXFileReference section */

/* Begin PBXFrameworksBuildPhase section */
		1EAD17D91EEAD44A005B66FB /* Frameworks */ = {
			isa = PBXFrameworksBuildPhase;
			buildActionMask = 2147483647;
			files = (
			);
			runOnlyForDeploymentPostprocessing = 0;
		};
/* End PBXFrameworksBuildPhase section */

/* Begin PBXGroup section */
		1E06E7641F025E29000E7968 /* ContactBook */ = {
			isa = PBXGroup;
			children = (
				1E06E7651F025E29000E7968 /* Contact.swift */,
				1E06E7661F025E29000E7968 /* ContactsData.swift */,
			);
			path = ContactBook;
			sourceTree = "<group>";
		};
		1E06E7671F025E29000E7968 /* Controllers */ = {
			isa = PBXGroup;
			children = (
				1E06E7681F025E29000E7968 /* ContactsViewController.swift */,
				1E06E7691F025E29000E7968 /* ContactsViewController.xib */,
			);
			path = Controllers;
			sourceTree = "<group>";
		};
		1E06E76A1F025E29000E7968 /* Cells */ = {
			isa = PBXGroup;
			children = (
				1E06E76B1F025E29000E7968 /* ContactCell.swift */,
				1E06E76C1F025E29000E7968 /* ContactCell.xib */,
			);
			path = Cells;
			sourceTree = "<group>";
		};
		1E06E76D1F025E29000E7968 /* AppDelegate */ = {
			isa = PBXGroup;
			children = (
				1E06E76E1F025E29000E7968 /* AppDelegate.swift */,
			);
			path = AppDelegate;
			sourceTree = "<group>";
		};
		1E06E76F1F025E29000E7968 /* Extensions */ = {
			isa = PBXGroup;
			children = (
				1E06E7701F025E29000E7968 /* Extension+UIColor.swift */,
				1E06E7711F025E29000E7968 /* Extensions.swift */,
			);
			path = Extensions;
			sourceTree = "<group>";
		};
		1EAD17D31EEAD44A005B66FB = {
			isa = PBXGroup;
			children = (
				1EAD17DE1EEAD44A005B66FB /* ASContactBook */,
				1EAD17DD1EEAD44A005B66FB /* Products */,
				1E0BE78A1F025CB900D6850B /* Default-568h@2x.png */,
			);
			sourceTree = "<group>";
		};
		1EAD17DD1EEAD44A005B66FB /* Products */ = {
			isa = PBXGroup;
			children = (
				1EAD17DC1EEAD44A005B66FB /* ASContactBook.app */,
			);
			name = Products;
			sourceTree = "<group>";
		};
		1EAD17DE1EEAD44A005B66FB /* ASContactBook */ = {
			isa = PBXGroup;
			children = (
				1E06E76D1F025E29000E7968 /* AppDelegate */,
				1E06E76A1F025E29000E7968 /* Cells */,
				1E06E7641F025E29000E7968 /* ContactBook */,
				1E06E7671F025E29000E7968 /* Controllers */,
				1E06E76F1F025E29000E7968 /* Extensions */,
				1EAD17E61EEAD44A005B66FB /* Assets.xcassets */,
				1EAD17E81EEAD44A005B66FB /* LaunchScreen.storyboard */,
				1EAD17EB1EEAD44A005B66FB /* Info.plist */,
				1EACD4DC1F0545C900784571 /* ViewController.xib */,
				1EACD4DE1F0545D500784571 /* ViewController.swift */,
			);
			path = ASContactBook;
			sourceTree = "<group>";
		};
/* End PBXGroup section */

/* Begin PBXNativeTarget section */
		1EAD17DB1EEAD44A005B66FB /* ASContactBook */ = {
			isa = PBXNativeTarget;
			buildConfigurationList = 1EAD17EE1EEAD44A005B66FB /* Build configuration list for PBXNativeTarget "ASContactBook" */;
			buildPhases = (
				1EAD17D81EEAD44A005B66FB /* Sources */,
				1EAD17D91EEAD44A005B66FB /* Frameworks */,
				1EAD17DA1EEAD44A005B66FB /* Resources */,
			);
			buildRules = (
			);
			dependencies = (
			);
			name = ASContactBook;
			productName = ASContacts;
			productReference = 1EAD17DC1EEAD44A005B66FB /* ASContactBook.app */;
			productType = "com.apple.product-type.application";
		};
/* End PBXNativeTarget section */

/* Begin PBXProject section */
		1EAD17D41EEAD44A005B66FB /* Project object */ = {
			isa = PBXProject;
			attributes = {
				LastSwiftUpdateCheck = 0900;
				LastUpgradeCheck = 0900;
				ORGANIZATIONNAME = "áSoft";
				TargetAttributes = {
					1EAD17DB1EEAD44A005B66FB = {
						CreatedOnToolsVersion = 9.0;
						LastSwiftMigration = 0900;
					};
				};
			};
			buildConfigurationList = 1EAD17D71EEAD44A005B66FB /* Build configuration list for PBXProject "ASContactBook" */;
			compatibilityVersion = "Xcode 8.0";
			developmentRegion = en;
			hasScannedForEncodings = 0;
			knownRegions = (
				en,
				Base,
			);
			mainGroup = 1EAD17D31EEAD44A005B66FB;
			productRefGroup = 1EAD17DD1EEAD44A005B66FB /* Products */;
			projectDirPath = "";
			projectRoot = "";
			targets = (
				1EAD17DB1EEAD44A005B66FB /* ASContactBook */,
			);
		};
/* End PBXProject section */

/* Begin PBXResourcesBuildPhase section */
		1EAD17DA1EEAD44A005B66FB /* Resources */ = {
			isa = PBXResourcesBuildPhase;
			buildActionMask = 2147483647;
			files = (
				1EACD4DD1F0545C900784571 /* ViewController.xib in Resources */,
				1E06E7721F025EC6000E7968 /* ContactCell.swift in Resources */,
				1E06E7731F025EC6000E7968 /* ContactCell.xib in Resources */,
				1E06E7741F025EC6000E7968 /* Contact.swift in Resources */,
				1E06E7751F025EC6000E7968 /* ContactsData.swift in Resources */,
				1E06E7761F025EC6000E7968 /* ContactsViewController.swift in Resources */,
				1E06E7771F025EC6000E7968 /* ContactsViewController.xib in Resources */,
				1E06E7781F025EC6000E7968 /* Extension+UIColor.swift in Resources */,
				1E06E7791F025EC6000E7968 /* Extensions.swift in Resources */,
				1EAD17EA1EEAD44A005B66FB /* LaunchScreen.storyboard in Resources */,
				1EAD17E71EEAD44A005B66FB /* Assets.xcassets in Resources */,
			);
			runOnlyForDeploymentPostprocessing = 0;
		};
/* End PBXResourcesBuildPhase section */

/* Begin PBXSourcesBuildPhase section */
		1EAD17D81EEAD44A005B66FB /* Sources */ = {
			isa = PBXSourcesBuildPhase;
			buildActionMask = 2147483647;
			files = (
				1EACD4D41F05023400784571 /* ContactCell.swift in Sources */,
				1EACD4D51F05023400784571 /* ContactCell.xib in Sources */,
				1EACD4D61F05023400784571 /* Contact.swift in Sources */,
				1EACD4D71F05023400784571 /* ContactsData.swift in Sources */,
				1EACD4DF1F0545D500784571 /* ViewController.swift in Sources */,
				1EACD4D81F05023400784571 /* ContactsViewController.xib in Sources */,
				1EACD4D91F05023400784571 /* Extension+UIColor.swift in Sources */,
				1EACD4DA1F05023400784571 /* Extensions.swift in Sources */,
				1EACD4DB1F05023400784571 /* Assets.xcassets in Sources */,
				1EACD4D21F05021D00784571 /* AppDelegate.swift in Sources */,
				1EACD4D31F05021D00784571 /* ContactsViewController.swift in Sources */,
			);
			runOnlyForDeploymentPostprocessing = 0;
		};
/* End PBXSourcesBuildPhase section */

/* Begin PBXVariantGroup section */
		1EAD17E81EEAD44A005B66FB /* LaunchScreen.storyboard */ = {
			isa = PBXVariantGroup;
			children = (
				1EAD17E91EEAD44A005B66FB /* Base */,
			);
			name = LaunchScreen.storyboard;
			sourceTree = "<group>";
		};
/* End PBXVariantGroup section */

/* Begin XCBuildConfiguration section */
		1EAD17EC1EEAD44A005B66FB /* Debug */ = {
			isa = XCBuildConfiguration;
			buildSettings = {
				ALWAYS_SEARCH_USER_PATHS = NO;
				CLANG_ANALYZER_NONNULL = YES;
				CLANG_ANALYZER_NUMBER_OBJECT_CONVERSION = YES_AGGRESSIVE;
				CLANG_CXX_LANGUAGE_STANDARD = "gnu++14";
				CLANG_CXX_LIBRARY = "libc++";
				CLANG_ENABLE_MODULES = YES;
				CLANG_ENABLE_OBJC_ARC = YES;
				CLANG_WARN_BLOCK_CAPTURE_AUTORELEASING = YES;
				CLANG_WARN_BOOL_CONVERSION = YES;
				CLANG_WARN_COMMA = YES;
				CLANG_WARN_CONSTANT_CONVERSION = YES;
				CLANG_WARN_DIRECT_OBJC_ISA_USAGE = YES_ERROR;
				CLANG_WARN_DOCUMENTATION_COMMENTS = YES;
				CLANG_WARN_EMPTY_BODY = YES;
				CLANG_WARN_ENUM_CONVERSION = YES;
				CLANG_WARN_INFINITE_RECURSION = YES;
				CLANG_WARN_INT_CONVERSION = YES;
				CLANG_WARN_NON_LITERAL_NULL_CONVERSION = YES;
				CLANG_WARN_OBJC_LITERAL_CONVERSION = YES;
				CLANG_WARN_OBJC_ROOT_CLASS = YES_ERROR;
				CLANG_WARN_RANGE_LOOP_ANALYSIS = YES;
				CLANG_WARN_STRICT_PROTOTYPES = YES;
				CLANG_WARN_SUSPICIOUS_MOVE = YES;
				CLANG_WARN_UNGUARDED_AVAILABILITY = YES_AGGRESSIVE;
				CLANG_WARN_UNREACHABLE_CODE = YES;
				CLANG_WARN__DUPLICATE_METHOD_MATCH = YES;
				CODE_SIGN_IDENTITY = "iPhone Developer";
				COPY_PHASE_STRIP = NO;
				DEBUG_INFORMATION_FORMAT = dwarf;
				ENABLE_STRICT_OBJC_MSGSEND = YES;
				ENABLE_TESTABILITY = YES;
				GCC_C_LANGUAGE_STANDARD = gnu11;
				GCC_DYNAMIC_NO_PIC = NO;
				GCC_NO_COMMON_BLOCKS = YES;
				GCC_OPTIMIZATION_LEVEL = 0;
				GCC_PREPROCESSOR_DEFINITIONS = (
					"DEBUG=1",
					"$(inherited)",
				);
				GCC_WARN_64_TO_32_BIT_CONVERSION = YES;
				GCC_WARN_ABOUT_RETURN_TYPE = YES_ERROR;
				GCC_WARN_UNDECLARED_SELECTOR = YES;
				GCC_WARN_UNINITIALIZED_AUTOS = YES_AGGRESSIVE;
				GCC_WARN_UNUSED_FUNCTION = YES;
				GCC_WARN_UNUSED_VARIABLE = YES;
				IPHONEOS_DEPLOYMENT_TARGET = 10.0;
				MTL_ENABLE_DEBUG_INFO = YES;
				ONLY_ACTIVE_ARCH = YES;
				SDKROOT = iphoneos;
				SWIFT_ACTIVE_COMPILATION_CONDITIONS = DEBUG;
				SWIFT_OPTIMIZATION_LEVEL = "-Onone";
			};
			name = Debug;
		};
		1EAD17ED1EEAD44A005B66FB /* Release */ = {
			isa = XCBuildConfiguration;
			buildSettings = {
				ALWAYS_SEARCH_USER_PATHS = NO;
				CLANG_ANALYZER_NONNULL = YES;
				CLANG_ANALYZER_NUMBER_OBJECT_CONVERSION = YES_AGGRESSIVE;
				CLANG_CXX_LANGUAGE_STANDARD = "gnu++14";
				CLANG_CXX_LIBRARY = "libc++";
				CLANG_ENABLE_MODULES = YES;
				CLANG_ENABLE_OBJC_ARC = YES;
				CLANG_WARN_BLOCK_CAPTURE_AUTORELEASING = YES;
				CLANG_WARN_BOOL_CONVERSION = YES;
				CLANG_WARN_COMMA = YES;
				CLANG_WARN_CONSTANT_CONVERSION = YES;
				CLANG_WARN_DIRECT_OBJC_ISA_USAGE = YES_ERROR;
				CLANG_WARN_DOCUMENTATION_COMMENTS = YES;
				CLANG_WARN_EMPTY_BODY = YES;
				CLANG_WARN_ENUM_CONVERSION = YES;
				CLANG_WARN_INFINITE_RECURSION = YES;
				CLANG_WARN_INT_CONVERSION = YES;
				CLANG_WARN_NON_LITERAL_NULL_CONVERSION = YES;
				CLANG_WARN_OBJC_LITERAL_CONVERSION = YES;
				CLANG_WARN_OBJC_ROOT_CLASS = YES_ERROR;
				CLANG_WARN_RANGE_LOOP_ANALYSIS = YES;
				CLANG_WARN_STRICT_PROTOTYPES = YES;
				CLANG_WARN_SUSPICIOUS_MOVE = YES;
				CLANG_WARN_UNGUARDED_AVAILABILITY = YES_AGGRESSIVE;
				CLANG_WARN_UNREACHABLE_CODE = YES;
				CLANG_WARN__DUPLICATE_METHOD_MATCH = YES;
				CODE_SIGN_IDENTITY = "iPhone Developer";
				COPY_PHASE_STRIP = NO;
				DEBUG_INFORMATION_FORMAT = "dwarf-with-dsym";
				ENABLE_NS_ASSERTIONS = NO;
				ENABLE_STRICT_OBJC_MSGSEND = YES;
				GCC_C_LANGUAGE_STANDARD = gnu11;
				GCC_NO_COMMON_BLOCKS = YES;
				GCC_WARN_64_TO_32_BIT_CONVERSION = YES;
				GCC_WARN_ABOUT_RETURN_TYPE = YES_ERROR;
				GCC_WARN_UNDECLARED_SELECTOR = YES;
				GCC_WARN_UNINITIALIZED_AUTOS = YES_AGGRESSIVE;
				GCC_WARN_UNUSED_FUNCTION = YES;
				GCC_WARN_UNUSED_VARIABLE = YES;
				IPHONEOS_DEPLOYMENT_TARGET = 10.0;
				MTL_ENABLE_DEBUG_INFO = NO;
				SDKROOT = iphoneos;
				SWIFT_OPTIMIZATION_LEVEL = "-Owholemodule";
				VALIDATE_PRODUCT = YES;
			};
			name = Release;
		};
		1EAD17EF1EEAD44A005B66FB /* Debug */ = {
			isa = XCBuildConfiguration;
			buildSettings = {
				ASSETCATALOG_COMPILER_APPICON_NAME = AppIcon;
				DEVELOPMENT_TEAM = RBHZMT59H3;
				INFOPLIST_FILE = ASContactBook/Info.plist;
				IPHONEOS_DEPLOYMENT_TARGET = 10.0;
				LD_RUNPATH_SEARCH_PATHS = "$(inherited) @executable_path/Frameworks";
				PRODUCT_BUNDLE_IDENTIFIER = com.aSoft.ASContactBook;
				PRODUCT_NAME = "$(TARGET_NAME)";
				SWIFT_SWIFT3_OBJC_INFERENCE = Default;
				SWIFT_VERSION = 3.0;
				TARGETED_DEVICE_FAMILY = "1,2";
			};
			name = Debug;
		};
		1EAD17F01EEAD44A005B66FB /* Release */ = {
			isa = XCBuildConfiguration;
			buildSettings = {
				ASSETCATALOG_COMPILER_APPICON_NAME = AppIcon;
				DEVELOPMENT_TEAM = RBHZMT59H3;
				INFOPLIST_FILE = ASContactBook/Info.plist;
				IPHONEOS_DEPLOYMENT_TARGET = 10.0;
				LD_RUNPATH_SEARCH_PATHS = "$(inherited) @executable_path/Frameworks";
				PRODUCT_BUNDLE_IDENTIFIER = com.aSoft.ASContactBook;
				PRODUCT_NAME = "$(TARGET_NAME)";
				SWIFT_SWIFT3_OBJC_INFERENCE = Default;
				SWIFT_VERSION = 3.0;
				TARGETED_DEVICE_FAMILY = "1,2";
			};
			name = Release;
		};
/* End XCBuildConfiguration section */

/* Begin XCConfigurationList section */
		1EAD17D71EEAD44A005B66FB /* Build configuration list for PBXProject "ASContactBook" */ = {
			isa = XCConfigurationList;
			buildConfigurations = (
				1EAD17EC1EEAD44A005B66FB /* Debug */,
				1EAD17ED1EEAD44A005B66FB /* Release */,
			);
			defaultConfigurationIsVisible = 0;
			defaultConfigurationName = Release;
		};
		1EAD17EE1EEAD44A005B66FB /* Build configuration list for PBXNativeTarget "ASContactBook" */ = {
			isa = XCConfigurationList;
			buildConfigurations = (
				1EAD17EF1EEAD44A005B66FB /* Debug */,
				1EAD17F01EEAD44A005B66FB /* Release */,
			);
			defaultConfigurationIsVisible = 0;
			defaultConfigurationName = Release;
		};
/* End XCConfigurationList section */
	};
	rootObject = 1EAD17D41EEAD44A005B66FB /* Project object */;
}
